
Microsoft Visual Studio Solution File, Format Version 12.00
# Visual Studio 15
VisualStudioVersion = 15.0.28307.136
MinimumVisualStudioVersion = 10.0.40219.1
Project("{FAE04EC0-301F-11D3-BF4B-00C04F79EFBC}") = "GEOproject", "GEOproject\GEOproject.csproj", "{94B7CD45-E6D3-47D6-95A3-C47DBFA76F8F}"
EndProject
Global
	GlobalSection(SolutionConfigurationPlatforms) = preSolution
		Debug|Any CPU = Debug|Any CPU
		Release|Any CPU = Release|Any CPU
	EndGlobalSection
	GlobalSection(ProjectConfigurationPlatforms) = postSolution
		{94B7CD45-E6D3-47D6-95A3-C47DBFA76F8F}.Debug|Any CPU.ActiveCfg = Debug|Any CPU
		{94B7CD45-E6D3-47D6-95A3-C47DBFA76F8F}.Debug|Any CPU.Build.0 = Debug|Any CPU
		{94B7CD45-E6D3-47D6-95A3-C47DBFA76F8F}.Release|Any CPU.ActiveCfg = Release|Any CPU
		{94B7CD45-E6D3-47D6-95A3-C47DBFA76F8F}.Release|Any CPU.Build.0 = Release|Any CPU
	EndGlobalSection
	GlobalSection(SolutionProperties) = preSolution
		HideSolutionNode = FALSE
	EndGlobalSection
	GlobalSection(ExtensibilityGlobals) = postSolution
		SolutionGuid = {4C6552A5-77B4-4153-93E8-162CA310203D}
	EndGlobalSection
EndGlobal
